%{"cure": {:hex, :cure, "0.4.1", "d5a87d49d574821135ea553b1ffa0b05587d6670051062e919114de9faf453b9", [:mix], []},
  "exprotobuf": {:hex, :exprotobuf, "1.0.0-rc1", "2f6ecaf78dfd1a1143533f80b2da7c99963dd44a88ce59c22be3bb5080bf39d0", [:mix], [{:gpb, "~> 3.18.6", [hex: :gpb, optional: false]}]},
  "gpb": {:hex, :gpb, "3.18.10", "0790a23a3d50957e96ff4ad95d3702d4310abb44d436f53835a74462145d957a", [:rebar, :make], []}}
